{
  "name": "trust-v3-lock",
  "lockfileVersion": 3,
  "packages": {
    "": { "name": "trust-v3-lock", "version": "1.0.0" },
    "node_modules/vuln-pkg": { "version": "1.2.3" },
    "node_modules/lodashh": { "version": "4.17.21" },
    "node_modules/nested/node_modules/deep-pkg": { "version": "9.9.9" }
  }
}
